
Microsoft Visual Studio Solution File, Format Version 12.00
# Visual Studio Version 16
VisualStudioVersion = 16.0.30114.105
MinimumVisualStudioVersion = 10.0.40219.1
Project("{FAE04EC0-301F-11D3-BF4B-00C04F79EFBC}") = "Tests", "Tests\Tests.csproj", "{338F7294-7A84-4C7B-A546-A7E8A4EE17F9}"
EndProject
Project("{FAE04EC0-301F-11D3-BF4B-00C04F79EFBC}") = "Day01", "Day01 - Chronal Calibration\Day01.csproj", "{581D91F6-AD8F-4122-8E93-7EA7CDB65B9A}"
EndProject
Project("{FAE04EC0-301F-11D3-BF4B-00C04F79EFBC}") = "Day02", "Day02 - Inventory Management System\Day02.csproj", "{48E2A92F-24FD-41F7-93E0-0F086FDC400B}"
EndProject
Project("{FAE04EC0-301F-11D3-BF4B-00C04F79EFBC}") = "Day03", "Day03 - No Matter How You Slice It\Day03.csproj", "{1A6805A8-13E3-4F93-81FE-E858EDAD1FF6}"
EndProject
Project("{FAE04EC0-301F-11D3-BF4B-00C04F79EFBC}") = "Day04", "Day04 - Repose Record\Day04.csproj", "{59A38A2E-AEF0-4963-AD8C-5CC4E827DFA7}"
EndProject
Project("{FAE04EC0-301F-11D3-BF4B-00C04F79EFBC}") = "Day05", "Day05 - Alchemical Reduction\Day05.csproj", "{9AC2E97A-FB35-4E6A-9194-1B3F90EE8A49}"
EndProject
Project("{FAE04EC0-301F-11D3-BF4B-00C04F79EFBC}") = "Day06", "Day06 - Chronal Coordinates\Day06.csproj", "{BD1DC360-D335-467E-AC61-187E5DB89652}"
EndProject
Project("{FAE04EC0-301F-11D3-BF4B-00C04F79EFBC}") = "Day07", "Day07 - The Sum of Its Parts\Day07.csproj", "{CF6D0749-7B0E-4252-A435-B6989959B47C}"
EndProject
Project("{FAE04EC0-301F-11D3-BF4B-00C04F79EFBC}") = "Day08", "Day08 - Memory Maneuver\Day08.csproj", "{F9923DB1-7E09-457E-BC20-80917072D63D}"
EndProject
Project("{FAE04EC0-301F-11D3-BF4B-00C04F79EFBC}") = "Day09", "Day09 - Marble Mania\Day09.csproj", "{B1156AD7-8FE7-419D-8DF5-3326E5C7BBB0}"
EndProject
Project("{FAE04EC0-301F-11D3-BF4B-00C04F79EFBC}") = "Day10", "Day10 - The Stars Align\Day10.csproj", "{A9270C75-898E-4130-BAE2-925EA3EE6E08}"
EndProject
Project("{FAE04EC0-301F-11D3-BF4B-00C04F79EFBC}") = "Day11", "Day11 - Chronal Charge\Day11.csproj", "{E1252B08-50C7-4EA3-BECF-171143FBC180}"
EndProject
Project("{FAE04EC0-301F-11D3-BF4B-00C04F79EFBC}") = "Day12", "Day12 - Subterranean Sustainability\Day12.csproj", "{4A52572A-A627-4A4D-85CE-79669BD9973E}"
EndProject
Project("{FAE04EC0-301F-11D3-BF4B-00C04F79EFBC}") = "Day13", "Day13 - Mine Cart Madness\Day13.csproj", "{F2A98C52-CD14-4C5F-8A6D-30E1712B81AE}"
EndProject
Project("{FAE04EC0-301F-11D3-BF4B-00C04F79EFBC}") = "Day14", "Day14 - Chocolate Charts\Day14.csproj", "{196E3A50-60E7-4863-8425-987B30B606BF}"
EndProject
Project("{FAE04EC0-301F-11D3-BF4B-00C04F79EFBC}") = "Day16", "Day16 - Chronal Classification\Day16.csproj", "{15982CD4-9532-46E7-90BE-A0370948DF69}"
EndProject
Project("{FAE04EC0-301F-11D3-BF4B-00C04F79EFBC}") = "Day17", "Day17 - Reservoir Research\Day17.csproj", "{BD2D7A0E-FF69-4ECC-9472-8267A92B0EE7}"
EndProject
Project("{FAE04EC0-301F-11D3-BF4B-00C04F79EFBC}") = "Day18", "Day18 - Settlers of The North Pole\Day18.csproj", "{99BE4538-7E75-4785-8576-C049D2AA9C65}"
EndProject
Project("{FAE04EC0-301F-11D3-BF4B-00C04F79EFBC}") = "Day19", "Day19 - Go With The Flow\Day19.csproj", "{56B118CC-796C-47E5-9278-95F1BD687C40}"
EndProject
Project("{FAE04EC0-301F-11D3-BF4B-00C04F79EFBC}") = "Day20", "Day20 - A Regular Map\Day20.csproj", "{438D40DC-1B56-4795-82C0-39EC7C5BDFA0}"
EndProject
Project("{FAE04EC0-301F-11D3-BF4B-00C04F79EFBC}") = "Day21", "Day21 - Chronal Conversion\Day21.csproj", "{E4CF0AC2-709D-49DF-A948-A69473706C64}"
EndProject
Project("{FAE04EC0-301F-11D3-BF4B-00C04F79EFBC}") = "Day22", "Day22 - Mode Maze\Day22.csproj", "{7D3B8B6D-9F1C-4C28-8BF2-43663AAA39D9}"
EndProject
Global
	GlobalSection(SolutionConfigurationPlatforms) = preSolution
		Debug|Any CPU = Debug|Any CPU
		Release|Any CPU = Release|Any CPU
	EndGlobalSection
	GlobalSection(SolutionProperties) = preSolution
		HideSolutionNode = FALSE
	EndGlobalSection
	GlobalSection(ProjectConfigurationPlatforms) = postSolution
		{338F7294-7A84-4C7B-A546-A7E8A4EE17F9}.Debug|Any CPU.ActiveCfg = Debug|Any CPU
		{338F7294-7A84-4C7B-A546-A7E8A4EE17F9}.Debug|Any CPU.Build.0 = Debug|Any CPU
		{338F7294-7A84-4C7B-A546-A7E8A4EE17F9}.Release|Any CPU.ActiveCfg = Release|Any CPU
		{338F7294-7A84-4C7B-A546-A7E8A4EE17F9}.Release|Any CPU.Build.0 = Release|Any CPU
		{581D91F6-AD8F-4122-8E93-7EA7CDB65B9A}.Debug|Any CPU.ActiveCfg = Debug|Any CPU
		{581D91F6-AD8F-4122-8E93-7EA7CDB65B9A}.Debug|Any CPU.Build.0 = Debug|Any CPU
		{581D91F6-AD8F-4122-8E93-7EA7CDB65B9A}.Release|Any CPU.ActiveCfg = Release|Any CPU
		{581D91F6-AD8F-4122-8E93-7EA7CDB65B9A}.Release|Any CPU.Build.0 = Release|Any CPU
		{48E2A92F-24FD-41F7-93E0-0F086FDC400B}.Debug|Any CPU.ActiveCfg = Debug|Any CPU
		{48E2A92F-24FD-41F7-93E0-0F086FDC400B}.Debug|Any CPU.Build.0 = Debug|Any CPU
		{48E2A92F-24FD-41F7-93E0-0F086FDC400B}.Release|Any CPU.ActiveCfg = Release|Any CPU
		{48E2A92F-24FD-41F7-93E0-0F086FDC400B}.Release|Any CPU.Build.0 = Release|Any CPU
		{1A6805A8-13E3-4F93-81FE-E858EDAD1FF6}.Debug|Any CPU.ActiveCfg = Debug|Any CPU
		{1A6805A8-13E3-4F93-81FE-E858EDAD1FF6}.Debug|Any CPU.Build.0 = Debug|Any CPU
		{1A6805A8-13E3-4F93-81FE-E858EDAD1FF6}.Release|Any CPU.ActiveCfg = Release|Any CPU
		{1A6805A8-13E3-4F93-81FE-E858EDAD1FF6}.Release|Any CPU.Build.0 = Release|Any CPU
		{59A38A2E-AEF0-4963-AD8C-5CC4E827DFA7}.Debug|Any CPU.ActiveCfg = Debug|Any CPU
		{59A38A2E-AEF0-4963-AD8C-5CC4E827DFA7}.Debug|Any CPU.Build.0 = Debug|Any CPU
		{59A38A2E-AEF0-4963-AD8C-5CC4E827DFA7}.Release|Any CPU.ActiveCfg = Release|Any CPU
		{59A38A2E-AEF0-4963-AD8C-5CC4E827DFA7}.Release|Any CPU.Build.0 = Release|Any CPU
		{9AC2E97A-FB35-4E6A-9194-1B3F90EE8A49}.Debug|Any CPU.ActiveCfg = Debug|Any CPU
		{9AC2E97A-FB35-4E6A-9194-1B3F90EE8A49}.Debug|Any CPU.Build.0 = Debug|Any CPU
		{9AC2E97A-FB35-4E6A-9194-1B3F90EE8A49}.Release|Any CPU.ActiveCfg = Release|Any CPU
		{9AC2E97A-FB35-4E6A-9194-1B3F90EE8A49}.Release|Any CPU.Build.0 = Release|Any CPU
		{BD1DC360-D335-467E-AC61-187E5DB89652}.Debug|Any CPU.ActiveCfg = Debug|Any CPU
		{BD1DC360-D335-467E-AC61-187E5DB89652}.Debug|Any CPU.Build.0 = Debug|Any CPU
		{BD1DC360-D335-467E-AC61-187E5DB89652}.Release|Any CPU.ActiveCfg = Release|Any CPU
		{BD1DC360-D335-467E-AC61-187E5DB89652}.Release|Any CPU.Build.0 = Release|Any CPU
		{CF6D0749-7B0E-4252-A435-B6989959B47C}.Debug|Any CPU.ActiveCfg = Debug|Any CPU
		{CF6D0749-7B0E-4252-A435-B6989959B47C}.Debug|Any CPU.Build.0 = Debug|Any CPU
		{CF6D0749-7B0E-4252-A435-B6989959B47C}.Release|Any CPU.ActiveCfg = Release|Any CPU
		{CF6D0749-7B0E-4252-A435-B6989959B47C}.Release|Any CPU.Build.0 = Release|Any CPU
		{F9923DB1-7E09-457E-BC20-80917072D63D}.Debug|Any CPU.ActiveCfg = Debug|Any CPU
		{F9923DB1-7E09-457E-BC20-80917072D63D}.Debug|Any CPU.Build.0 = Debug|Any CPU
		{F9923DB1-7E09-457E-BC20-80917072D63D}.Release|Any CPU.ActiveCfg = Release|Any CPU
		{F9923DB1-7E09-457E-BC20-80917072D63D}.Release|Any CPU.Build.0 = Release|Any CPU
		{B1156AD7-8FE7-419D-8DF5-3326E5C7BBB0}.Debug|Any CPU.ActiveCfg = Debug|Any CPU
		{B1156AD7-8FE7-419D-8DF5-3326E5C7BBB0}.Debug|Any CPU.Build.0 = Debug|Any CPU
		{B1156AD7-8FE7-419D-8DF5-3326E5C7BBB0}.Release|Any CPU.ActiveCfg = Release|Any CPU
		{B1156AD7-8FE7-419D-8DF5-3326E5C7BBB0}.Release|Any CPU.Build.0 = Release|Any CPU
		{A9270C75-898E-4130-BAE2-925EA3EE6E08}.Debug|Any CPU.ActiveCfg = Debug|Any CPU
		{A9270C75-898E-4130-BAE2-925EA3EE6E08}.Debug|Any CPU.Build.0 = Debug|Any CPU
		{A9270C75-898E-4130-BAE2-925EA3EE6E08}.Release|Any CPU.ActiveCfg = Release|Any CPU
		{A9270C75-898E-4130-BAE2-925EA3EE6E08}.Release|Any CPU.Build.0 = Release|Any CPU
		{E1252B08-50C7-4EA3-BECF-171143FBC180}.Debug|Any CPU.ActiveCfg = Debug|Any CPU
		{E1252B08-50C7-4EA3-BECF-171143FBC180}.Debug|Any CPU.Build.0 = Debug|Any CPU
		{E1252B08-50C7-4EA3-BECF-171143FBC180}.Release|Any CPU.ActiveCfg = Release|Any CPU
		{E1252B08-50C7-4EA3-BECF-171143FBC180}.Release|Any CPU.Build.0 = Release|Any CPU
		{4A52572A-A627-4A4D-85CE-79669BD9973E}.Debug|Any CPU.ActiveCfg = Debug|Any CPU
		{4A52572A-A627-4A4D-85CE-79669BD9973E}.Debug|Any CPU.Build.0 = Debug|Any CPU
		{4A52572A-A627-4A4D-85CE-79669BD9973E}.Release|Any CPU.ActiveCfg = Release|Any CPU
		{4A52572A-A627-4A4D-85CE-79669BD9973E}.Release|Any CPU.Build.0 = Release|Any CPU
		{F2A98C52-CD14-4C5F-8A6D-30E1712B81AE}.Debug|Any CPU.ActiveCfg = Debug|Any CPU
		{F2A98C52-CD14-4C5F-8A6D-30E1712B81AE}.Debug|Any CPU.Build.0 = Debug|Any CPU
		{F2A98C52-CD14-4C5F-8A6D-30E1712B81AE}.Release|Any CPU.ActiveCfg = Release|Any CPU
		{F2A98C52-CD14-4C5F-8A6D-30E1712B81AE}.Release|Any CPU.Build.0 = Release|Any CPU
		{196E3A50-60E7-4863-8425-987B30B606BF}.Debug|Any CPU.ActiveCfg = Debug|Any CPU
		{196E3A50-60E7-4863-8425-987B30B606BF}.Debug|Any CPU.Build.0 = Debug|Any CPU
		{196E3A50-60E7-4863-8425-987B30B606BF}.Release|Any CPU.ActiveCfg = Release|Any CPU
		{196E3A50-60E7-4863-8425-987B30B606BF}.Release|Any CPU.Build.0 = Release|Any CPU
		{15982CD4-9532-46E7-90BE-A0370948DF69}.Debug|Any CPU.ActiveCfg = Debug|Any CPU
		{15982CD4-9532-46E7-90BE-A0370948DF69}.Debug|Any CPU.Build.0 = Debug|Any CPU
		{15982CD4-9532-46E7-90BE-A0370948DF69}.Release|Any CPU.ActiveCfg = Release|Any CPU
		{15982CD4-9532-46E7-90BE-A0370948DF69}.Release|Any CPU.Build.0 = Release|Any CPU
		{BD2D7A0E-FF69-4ECC-9472-8267A92B0EE7}.Debug|Any CPU.ActiveCfg = Debug|Any CPU
		{BD2D7A0E-FF69-4ECC-9472-8267A92B0EE7}.Debug|Any CPU.Build.0 = Debug|Any CPU
		{BD2D7A0E-FF69-4ECC-9472-8267A92B0EE7}.Release|Any CPU.ActiveCfg = Release|Any CPU
		{BD2D7A0E-FF69-4ECC-9472-8267A92B0EE7}.Release|Any CPU.Build.0 = Release|Any CPU
		{99BE4538-7E75-4785-8576-C049D2AA9C65}.Debug|Any CPU.ActiveCfg = Debug|Any CPU
		{99BE4538-7E75-4785-8576-C049D2AA9C65}.Debug|Any CPU.Build.0 = Debug|Any CPU
		{99BE4538-7E75-4785-8576-C049D2AA9C65}.Release|Any CPU.ActiveCfg = Release|Any CPU
		{99BE4538-7E75-4785-8576-C049D2AA9C65}.Release|Any CPU.Build.0 = Release|Any CPU
		{56B118CC-796C-47E5-9278-95F1BD687C40}.Debug|Any CPU.ActiveCfg = Debug|Any CPU
		{56B118CC-796C-47E5-9278-95F1BD687C40}.Debug|Any CPU.Build.0 = Debug|Any CPU
		{56B118CC-796C-47E5-9278-95F1BD687C40}.Release|Any CPU.ActiveCfg = Release|Any CPU
		{56B118CC-796C-47E5-9278-95F1BD687C40}.Release|Any CPU.Build.0 = Release|Any CPU
		{438D40DC-1B56-4795-82C0-39EC7C5BDFA0}.Debug|Any CPU.ActiveCfg = Debug|Any CPU
		{438D40DC-1B56-4795-82C0-39EC7C5BDFA0}.Debug|Any CPU.Build.0 = Debug|Any CPU
		{438D40DC-1B56-4795-82C0-39EC7C5BDFA0}.Release|Any CPU.ActiveCfg = Release|Any CPU
		{438D40DC-1B56-4795-82C0-39EC7C5BDFA0}.Release|Any CPU.Build.0 = Release|Any CPU
		{E4CF0AC2-709D-49DF-A948-A69473706C64}.Debug|Any CPU.ActiveCfg = Debug|Any CPU
		{E4CF0AC2-709D-49DF-A948-A69473706C64}.Debug|Any CPU.Build.0 = Debug|Any CPU
		{E4CF0AC2-709D-49DF-A948-A69473706C64}.Release|Any CPU.ActiveCfg = Release|Any CPU
		{E4CF0AC2-709D-49DF-A948-A69473706C64}.Release|Any CPU.Build.0 = Release|Any CPU
		{7D3B8B6D-9F1C-4C28-8BF2-43663AAA39D9}.Debug|Any CPU.ActiveCfg = Debug|Any CPU
		{7D3B8B6D-9F1C-4C28-8BF2-43663AAA39D9}.Debug|Any CPU.Build.0 = Debug|Any CPU
		{7D3B8B6D-9F1C-4C28-8BF2-43663AAA39D9}.Release|Any CPU.ActiveCfg = Release|Any CPU
		{7D3B8B6D-9F1C-4C28-8BF2-43663AAA39D9}.Release|Any CPU.Build.0 = Release|Any CPU
	EndGlobalSection
EndGlobal
